
Microsoft Visual Studio Solution File, Format Version 12.00
# Visual Studio Version 17
VisualStudioVersion = 17.4.33213.308
MinimumVisualStudioVersion = 10.0.40219.1
Project("{FAE04EC0-301F-11D3-BF4B-00C04F79EFBC}") = "RazorRentCarDemo_NetCore", "RazorRentCarDemo_NetCore\RazorRentCarDemo_NetCore.csproj", "{278A8094-2A64-44E5-BA2E-67E92AF1A402}"
EndProject
Global
	GlobalSection(SolutionConfigurationPlatforms) = preSolution
		Debug|Any CPU = Debug|Any CPU
		Release|Any CPU = Release|Any CPU
	EndGlobalSection
	GlobalSection(ProjectConfigurationPlatforms) = postSolution
		{278A8094-2A64-44E5-BA2E-67E92AF1A402}.Debug|Any CPU.ActiveCfg = Debug|Any CPU
		{278A8094-2A64-44E5-BA2E-67E92AF1A402}.Debug|Any CPU.Build.0 = Debug|Any CPU
		{278A8094-2A64-44E5-BA2E-67E92AF1A402}.Release|Any CPU.ActiveCfg = Release|Any CPU
		{278A8094-2A64-44E5-BA2E-67E92AF1A402}.Release|Any CPU.Build.0 = Release|Any CPU
	EndGlobalSection
	GlobalSection(SolutionProperties) = preSolution
		HideSolutionNode = FALSE
	EndGlobalSection
	GlobalSection(ExtensibilityGlobals) = postSolution
		SolutionGuid = {2BCC4C57-7614-4353-ADE7-5C84E754C3CC}
	EndGlobalSection
EndGlobal
